Microsoft Visual Studio Solution File, Format Version 8.00
Project("{8BC9CEB8-8B4A-11D0-8D11-00A0C91BC942}") = "LCTetris", "LCTetris.vcproj", "{EA07ED4B-BE3D-4E81-B094-C8C47576766C}"
	ProjectSection(ProjectDependencies) = postProject
	EndProjectSection
EndProject
Global
	GlobalSection(SolutionConfiguration) = preSolution
		Debug = Debug
		Release = Release
	EndGlobalSection
	GlobalSection(ProjectConfiguration) = postSolution
		{EA07ED4B-BE3D-4E81-B094-C8C47576766C}.Debug.ActiveCfg = Debug|Win32
		{EA07ED4B-BE3D-4E81-B094-C8C47576766C}.Debug.Build.0 = Debug|Win32
		{EA07ED4B-BE3D-4E81-B094-C8C47576766C}.Release.ActiveCfg = Release|Win32
		{EA07ED4B-BE3D-4E81-B094-C8C47576766C}.Release.Build.0 = Release|Win32
	EndGlobalSection
	GlobalSection(ExtensibilityGlobals) = postSolution
	EndGlobalSection
	GlobalSection(ExtensibilityAddIns) = postSolution
	EndGlobalSection
EndGlobal
