// !$*UTF8*$!
{
	archiveVersion = 1;
	classes = {
	};
	objectVersion = 42;
	objects = {

/* Begin PBXBuildFile section */
		4DD93F8F082036E8008E1322 /* Controller.h in Headers */ = {isa = PBXBuildFile; fileRef = 4DF3C8CB052889CD00A80101 /* Controller.h */; };
		4DD93F96082036E8008E1322 /* MainMenu.nib in Resources */ = {isa = PBXBuildFile; fileRef = 29B97318FDCFA39411CA2CEA /* MainMenu.nib */; };
		4DD93F97082036E8008E1322 /* InfoPlist.strings in Resources */ = {isa = PBXBuildFile; fileRef = 089C165CFE840E0CC02AAC07 /* InfoPlist.strings */; };
		4DD93F9A082036E8008E1322 /* main.mm in Sources */ = {isa = PBXBuildFile; fileRef = 29B97316FDCFA39411CA2CEA /* main.mm */; settings = {ATTRIBUTES = (); }; };
		4DD93F9B082036E8008E1322 /* Controller.mm in Sources */ = {isa = PBXBuildFile; fileRef = 4DF3C8CC052889CD00A80101 /* Controller.mm */; };
		4DD93FA2082036E8008E1322 /* Cocoa.framework in Frameworks */ = {isa = PBXBuildFile; fileRef = 1058C7A1FEA54F0111CA2CBB /* Cocoa.framework */; };
		4DD93FA3082036E8008E1322 /* IOKit.framework in Frameworks */ = {isa = PBXBuildFile; fileRef = 4DEB2024052B055F00C39CA9 /* IOKit.framework */; };
		4DE09E63082038A400FB751F /* Info.plist in Resources */ = {isa = PBXBuildFile; fileRef = 4DE09E62082038A400FB751F /* Info.plist */; };
		A552E217096362AF00B4AD9B /* DvdDisk.h in Headers */ = {isa = PBXBuildFile; fileRef = A552E215096362AF00B4AD9B /* DvdDisk.h */; };
		A552E218096362AF00B4AD9B /* DvdDisk.m in Sources */ = {isa = PBXBuildFile; fileRef = A552E216096362AF00B4AD9B /* DvdDisk.m */; };
		A552E9E30963BA1F00B4AD9B /* ipod.png in Resources */ = {isa = PBXBuildFile; fileRef = A552E9E20963BA1F00B4AD9B /* ipod.png */; };
		A552E9E50963BAC500B4AD9B /* dvd.png in Resources */ = {isa = PBXBuildFile; fileRef = A552E9E40963BAC500B4AD9B /* dvd.png */; };
		A552EAA30964560700B4AD9B /* Localizable.strings in Resources */ = {isa = PBXBuildFile; fileRef = A552EAA20964560700B4AD9B /* Localizable.strings */; };
		A552EAF70964585200B4AD9B /* error.png in Resources */ = {isa = PBXBuildFile; fileRef = A552EAF60964585200B4AD9B /* error.png */; };
		A552EBD009645F4000B4AD9B /* dvd_error.png in Resources */ = {isa = PBXBuildFile; fileRef = A552EBCF09645F4000B4AD9B /* dvd_error.png */; };
		A552EC140964656400B4AD9B /* pencil.png in Resources */ = {isa = PBXBuildFile; fileRef = A552EC130964656400B4AD9B /* pencil.png */; };
		A552EC16096465B000B4AD9B /* cog.png in Resources */ = {isa = PBXBuildFile; fileRef = A552EC15096465B000B4AD9B /* cog.png */; };
		A5D849300B81FFC3005698C3 /* libmediafork.dylib in Frameworks */ = {isa = PBXBuildFile; fileRef = A5D8492F0B81FFC3005698C3 /* libmediafork.dylib */; };
		A5D849370B81FFE3005698C3 /* common.h in Headers */ = {isa = PBXBuildFile; fileRef = A5D849340B81FFE3005698C3 /* common.h */; };
		A5D849380B81FFE3005698C3 /* ports.h in Headers */ = {isa = PBXBuildFile; fileRef = A5D849350B81FFE3005698C3 /* ports.h */; };
		A5D849390B81FFE3005698C3 /* mediafork.h in Headers */ = {isa = PBXBuildFile; fileRef = A5D849360B81FFE3005698C3 /* mediafork.h */; };
		A5D849930B8201C3005698C3 /* libmediafork.dylib in Copy dylib */ = {isa = PBXBuildFile; fileRef = A5D8492F0B81FFC3005698C3 /* libmediafork.dylib */; };
/* End PBXBuildFile section */

/* Begin PBXCopyFilesBuildPhase section */
		A5D849910B8201BD005698C3 /* Copy dylib */ = {
			isa = PBXCopyFilesBuildPhase;
			buildActionMask = 2147483647;
			dstPath = "";
			dstSubfolderSpec = 6;
			files = (
				A5D849930B8201C3005698C3 /* libmediafork.dylib in Copy dylib */,
			);
			name = "Copy dylib";
			runOnlyForDeploymentPostprocessing = 0;
		};
/* End PBXCopyFilesBuildPhase section */

/* Begin PBXFileReference section */
		089C165DFE840E0CC02AAC07 /* English */ = {isa = PBXFileReference; fileEncoding = 10; lastKnownFileType = text.plist.strings; name = English; path = English.lproj/InfoPlist.strings; sourceTree = "<group>"; };
		1058C7A1FEA54F0111CA2CBB /* Cocoa.framework */ = {isa = PBXFileReference; lastKnownFileType = wrapper.framework; name = Cocoa.framework; path = /System/Library/Frameworks/Cocoa.framework; sourceTree = "<absolute>"; };
		29B97316FDCFA39411CA2CEA /* main.mm */ = {isa = PBXFileReference; fileEncoding = 30; lastKnownFileType = sourcecode.cpp.objcpp; path = main.mm; sourceTree = "<group>"; };
		29B97319FDCFA39411CA2CEA /* English */ = {isa = PBXFileReference; lastKnownFileType = wrapper.nib; name = English; path = English.lproj/MainMenu.nib; sourceTree = "<group>"; };
		29B97324FDCFA39411CA2CEA /* AppKit.framework */ = {isa = PBXFileReference; lastKnownFileType = wrapper.framework; name = AppKit.framework; path = /System/Library/Frameworks/AppKit.framework; sourceTree = "<absolute>"; };
		29B97325FDCFA39411CA2CEA /* Foundation.framework */ = {isa = PBXFileReference; lastKnownFileType = wrapper.framework; name = Foundation.framework; path = /System/Library/Frameworks/Foundation.framework; sourceTree = "<absolute>"; };
		4DD93FA6082036E8008E1322 /* DVD2Pod.app */ = {isa = PBXFileReference; explicitFileType = wrapper.application; includeInIndex = 0; path = DVD2Pod.app; sourceTree = BUILT_PRODUCTS_DIR; };
		4DDE9724052B7B2B00C39CA9 /* OpenGL.framework */ = {isa = PBXFileReference; lastKnownFileType = wrapper.framework; name = OpenGL.framework; path = /System/Library/Frameworks/OpenGL.framework; sourceTree = "<absolute>"; };
		4DE09E62082038A400FB751F /* Info.plist */ = {isa = PBXFileReference; fileEncoding = 30; lastKnownFileType = text.xml; path = Info.plist; sourceTree = "<group>"; };
		4DEB2024052B055F00C39CA9 /* IOKit.framework */ = {isa = PBXFileReference; lastKnownFileType = wrapper.framework; name = IOKit.framework; path = /System/Library/Frameworks/IOKit.framework; sourceTree = "<absolute>"; };
		4DF3C8CB052889CD00A80101 /* Controller.h */ = {isa = PBXFileReference; fileEncoding = 30; lastKnownFileType = sourcecode.c.h; path = Controller.h; sourceTree = "<group>"; };
		4DF3C8CC052889CD00A80101 /* Controller.mm */ = {isa = PBXFileReference; fileEncoding = 30; lastKnownFileType = sourcecode.cpp.objcpp; path = Controller.mm; sourceTree = "<group>"; };
		A552E215096362AF00B4AD9B /* DvdDisk.h */ = {isa = PBXFileReference; fileEncoding = 4; lastKnownFileType = sourcecode.c.h; path = DvdDisk.h; sourceTree = "<group>"; };
		A552E216096362AF00B4AD9B /* DvdDisk.m */ = {isa = PBXFileReference; fileEncoding = 4; lastKnownFileType = sourcecode.c.objc; path = DvdDisk.m; sourceTree = "<group>"; };
		A552E9E20963BA1F00B4AD9B /* ipod.png */ = {isa = PBXFileReference; lastKnownFileType = image.png; path = ipod.png; sourceTree = "<group>"; };
		A552E9E40963BAC500B4AD9B /* dvd.png */ = {isa = PBXFileReference; lastKnownFileType = image.png; path = dvd.png; sourceTree = "<group>"; };
		A552EA9E096455FD00B4AD9B /* English */ = {isa = PBXFileReference; fileEncoding = 4; lastKnownFileType = text.plist.strings; name = English; path = English.lproj/Localizable.strings; sourceTree = "<group>"; };
		A552EAF60964585200B4AD9B /* error.png */ = {isa = PBXFileReference; lastKnownFileType = image.png; path = error.png; sourceTree = "<group>"; };
		A552EBCF09645F4000B4AD9B /* dvd_error.png */ = {isa = PBXFileReference; lastKnownFileType = image.png; path = dvd_error.png; sourceTree = "<group>"; };
		A552EC130964656400B4AD9B /* pencil.png */ = {isa = PBXFileReference; lastKnownFileType = image.png; path = pencil.png; sourceTree = "<group>"; };
		A552EC15096465B000B4AD9B /* cog.png */ = {isa = PBXFileReference; lastKnownFileType = image.png; path = cog.png; sourceTree = "<group>"; };
		A5D8492F0B81FFC3005698C3 /* libmediafork.dylib */ = {isa = PBXFileReference; lastKnownFileType = "compiled.mach-o.dylib"; name = libmediafork.dylib; path = api/libmediafork.dylib; sourceTree = "<group>"; };
		A5D849340B81FFE3005698C3 /* common.h */ = {isa = PBXFileReference; fileEncoding = 30; lastKnownFileType = sourcecode.c.h; name = common.h; path = api/common.h; sourceTree = "<group>"; };
		A5D849350B81FFE3005698C3 /* ports.h */ = {isa = PBXFileReference; fileEncoding = 30; lastKnownFileType = sourcecode.c.h; name = ports.h; path = api/ports.h; sourceTree = "<group>"; };
		A5D849360B81FFE3005698C3 /* mediafork.h */ = {isa = PBXFileReference; fileEncoding = 30; lastKnownFileType = sourcecode.c.h; name = mediafork.h; path = api/mediafork.h; sourceTree = "<group>"; };
/* End PBXFileReference section */

/* Begin PBXFrameworksBuildPhase section */
		4DD93FA1082036E8008E1322 /* Frameworks */ = {
			isa = PBXFrameworksBuildPhase;
			buildActionMask = 2147483647;
			files = (
				4DD93FA2082036E8008E1322 /* Cocoa.framework in Frameworks */,
				4DD93FA3082036E8008E1322 /* IOKit.framework in Frameworks */,
				A5D849300B81FFC3005698C3 /* libmediafork.dylib in Frameworks */,
			);
			runOnlyForDeploymentPostprocessing = 0;
		};
/* End PBXFrameworksBuildPhase section */

/* Begin PBXGroup section */
		080E96DDFE201D6D7F000001 /* Classes */ = {
			isa = PBXGroup;
			children = (
				4DF3C8CB052889CD00A80101 /* Controller.h */,
				4DF3C8CC052889CD00A80101 /* Controller.mm */,
				A552E215096362AF00B4AD9B /* DvdDisk.h */,
				A552E216096362AF00B4AD9B /* DvdDisk.m */,
				A5D849320B81FFD3005698C3 /* api */,
			);
			name = Classes;
			sourceTree = "<group>";
		};
		1058C7A0FEA54F0111CA2CBB /* Linked Frameworks */ = {
			isa = PBXGroup;
			children = (
				A5D8492F0B81FFC3005698C3 /* libmediafork.dylib */,
				1058C7A1FEA54F0111CA2CBB /* Cocoa.framework */,
				4DEB2024052B055F00C39CA9 /* IOKit.framework */,
				4DDE9724052B7B2B00C39CA9 /* OpenGL.framework */,
			);
			name = "Linked Frameworks";
			sourceTree = "<group>";
		};
		1058C7A2FEA54F0111CA2CBB /* Other Frameworks */ = {
			isa = PBXGroup;
			children = (
				29B97325FDCFA39411CA2CEA /* Foundation.framework */,
				29B97324FDCFA39411CA2CEA /* AppKit.framework */,
			);
			name = "Other Frameworks";
			sourceTree = "<group>";
		};
		19C28FACFE9D520D11CA2CBB /* Products */ = {
			isa = PBXGroup;
			children = (
				4DD93FA6082036E8008E1322 /* DVD2Pod.app */,
			);
			name = Products;
			sourceTree = "<group>";
		};
		29B97314FDCFA39411CA2CEA /* HandBrake */ = {
			isa = PBXGroup;
			children = (
				080E96DDFE201D6D7F000001 /* Classes */,
				29B97315FDCFA39411CA2CEA /* Other Sources */,
				29B97317FDCFA39411CA2CEA /* Resources */,
				29B97323FDCFA39411CA2CEA /* Frameworks */,
				19C28FACFE9D520D11CA2CBB /* Products */,
			);
			name = HandBrake;
			sourceTree = "<group>";
		};
		29B97315FDCFA39411CA2CEA /* Other Sources */ = {
			isa = PBXGroup;
			children = (
				29B97316FDCFA39411CA2CEA /* main.mm */,
			);
			name = "Other Sources";
			sourceTree = "<group>";
		};
		29B97317FDCFA39411CA2CEA /* Resources */ = {
			isa = PBXGroup;
			children = (
				29B97318FDCFA39411CA2CEA /* MainMenu.nib */,
				089C165CFE840E0CC02AAC07 /* InfoPlist.strings */,
				A552EAA20964560700B4AD9B /* Localizable.strings */,
				4DE09E62082038A400FB751F /* Info.plist */,
				A552ED41096471DA00B4AD9B /* Images */,
			);
			name = Resources;
			sourceTree = "<group>";
		};
		29B97323FDCFA39411CA2CEA /* Frameworks */ = {
			isa = PBXGroup;
			children = (
				1058C7A0FEA54F0111CA2CBB /* Linked Frameworks */,
				1058C7A2FEA54F0111CA2CBB /* Other Frameworks */,
			);
			name = Frameworks;
			sourceTree = "<group>";
		};
		A552ED41096471DA00B4AD9B /* Images */ = {
			isa = PBXGroup;
			children = (
				A552EC15096465B000B4AD9B /* cog.png */,
				A552EC130964656400B4AD9B /* pencil.png */,
				A552EBCF09645F4000B4AD9B /* dvd_error.png */,
				A552EAF60964585200B4AD9B /* error.png */,
				A552E9E20963BA1F00B4AD9B /* ipod.png */,
				A552E9E40963BAC500B4AD9B /* dvd.png */,
			);
			name = Images;
			sourceTree = "<group>";
		};
		A5D849320B81FFD3005698C3 /* api */ = {
			isa = PBXGroup;
			children = (
				A5D849360B81FFE3005698C3 /* mediafork.h */,
				A5D849340B81FFE3005698C3 /* common.h */,
				A5D849350B81FFE3005698C3 /* ports.h */,
			);
			name = api;
			sourceTree = "<group>";
		};
/* End PBXGroup section */

/* Begin PBXHeadersBuildPhase section */
		4DD93F8E082036E8008E1322 /* Headers */ = {
			isa = PBXHeadersBuildPhase;
			buildActionMask = 2147483647;
			files = (
				4DD93F8F082036E8008E1322 /* Controller.h in Headers */,
				A552E217096362AF00B4AD9B /* DvdDisk.h in Headers */,
				A5D849370B81FFE3005698C3 /* common.h in Headers */,
				A5D849380B81FFE3005698C3 /* ports.h in Headers */,
				A5D849390B81FFE3005698C3 /* mediafork.h in Headers */,
			);
			runOnlyForDeploymentPostprocessing = 0;
		};
/* End PBXHeadersBuildPhase section */

/* Begin PBXNativeTarget section */
		4DD93F8D082036E8008E1322 /* DVD2Pod */ = {
			isa = PBXNativeTarget;
			buildConfigurationList = 4D4E7BC0087804870051572B /* Build configuration list for PBXNativeTarget "DVD2Pod" */;
			buildPhases = (
				4DD93F8E082036E8008E1322 /* Headers */,
				4DD93F95082036E8008E1322 /* Resources */,
				4DD93F99082036E8008E1322 /* Sources */,
				4DD93FA1082036E8008E1322 /* Frameworks */,
				A5D849910B8201BD005698C3 /* Copy dylib */,
				A5D849B80B820B60005698C3 /* ShellScript */,
			);
			buildRules = (
			);
			dependencies = (
			);
			name = DVD2Pod;
			productName = HandBrake;
			productReference = 4DD93FA6082036E8008E1322 /* DVD2Pod.app */;
			productType = "com.apple.product-type.application";
		};
/* End PBXNativeTarget section */

/* Begin PBXProject section */
		29B97313FDCFA39411CA2CEA /* Project object */ = {
			isa = PBXProject;
			buildConfigurationList = 4D4E7BC4087804870051572B /* Build configuration list for PBXProject "DVD2Pod" */;
			hasScannedForEncodings = 1;
			mainGroup = 29B97314FDCFA39411CA2CEA /* HandBrake */;
			projectDirPath = "";
			targets = (
				4DD93F8D082036E8008E1322 /* DVD2Pod */,
			);
		};
/* End PBXProject section */

/* Begin PBXResourcesBuildPhase section */
		4DD93F95082036E8008E1322 /* Resources */ = {
			isa = PBXResourcesBuildPhase;
			buildActionMask = 2147483647;
			files = (
				4DD93F96082036E8008E1322 /* MainMenu.nib in Resources */,
				4DD93F97082036E8008E1322 /* InfoPlist.strings in Resources */,
				4DE09E63082038A400FB751F /* Info.plist in Resources */,
				A552E9E30963BA1F00B4AD9B /* ipod.png in Resources */,
				A552E9E50963BAC500B4AD9B /* dvd.png in Resources */,
				A552EAA30964560700B4AD9B /* Localizable.strings in Resources */,
				A552EAF70964585200B4AD9B /* error.png in Resources */,
				A552EBD009645F4000B4AD9B /* dvd_error.png in Resources */,
				A552EC140964656400B4AD9B /* pencil.png in Resources */,
				A552EC16096465B000B4AD9B /* cog.png in Resources */,
			);
			runOnlyForDeploymentPostprocessing = 0;
		};
/* End PBXResourcesBuildPhase section */

/* Begin PBXShellScriptBuildPhase section */
		A5D849B80B820B60005698C3 /* ShellScript */ = {
			isa = PBXShellScriptBuildPhase;
			buildActionMask = 2147483647;
			files = (
			);
			inputPaths = (
			);
			outputPaths = (
			);
			runOnlyForDeploymentPostprocessing = 0;
			shellPath = /bin/bash;
			shellScript = "install_name_tool -change /usr/local/lib/libmediafork.dylib @executable_path/libmediafork.dylib ${BUILT_PRODUCTS_DIR}/${PRODUCT_NAME}.${WRAPPER_EXTENSION}/Contents/MacOS/${PRODUCT_NAME} ";
		};
/* End PBXShellScriptBuildPhase section */

/* Begin PBXSourcesBuildPhase section */
		4DD93F99082036E8008E1322 /* Sources */ = {
			isa = PBXSourcesBuildPhase;
			buildActionMask = 2147483647;
			files = (
				4DD93F9A082036E8008E1322 /* main.mm in Sources */,
				4DD93F9B082036E8008E1322 /* Controller.mm in Sources */,
				A552E218096362AF00B4AD9B /* DvdDisk.m in Sources */,
			);
			runOnlyForDeploymentPostprocessing = 0;
		};
/* End PBXSourcesBuildPhase section */

/* Begin PBXVariantGroup section */
		089C165CFE840E0CC02AAC07 /* InfoPlist.strings */ = {
			isa = PBXVariantGroup;
			children = (
				089C165DFE840E0CC02AAC07 /* English */,
			);
			name = InfoPlist.strings;
			sourceTree = "<group>";
		};
		29B97318FDCFA39411CA2CEA /* MainMenu.nib */ = {
			isa = PBXVariantGroup;
			children = (
				29B97319FDCFA39411CA2CEA /* English */,
			);
			name = MainMenu.nib;
			sourceTree = "<group>";
		};
		A552EAA20964560700B4AD9B /* Localizable.strings */ = {
			isa = PBXVariantGroup;
			children = (
				A552EA9E096455FD00B4AD9B /* English */,
			);
			name = Localizable.strings;
			sourceTree = "<group>";
		};
/* End PBXVariantGroup section */

/* Begin XCBuildConfiguration section */
		4D4E7BC1087804870051572B /* Development */ = {
			isa = XCBuildConfiguration;
			buildSettings = {
				ARCHS = (
					ppc,
					i386,
				);
				COPY_PHASE_STRIP = NO;
				FRAMEWORK_SEARCH_PATHS = "";
				GCC_DYNAMIC_NO_PIC = YES;
				GCC_ENABLE_FIX_AND_CONTINUE = NO;
				GCC_GENERATE_DEBUGGING_SYMBOLS = YES;
				GCC_OPTIMIZATION_LEVEL = 3;
				GCC_TREAT_WARNINGS_AS_ERRORS = NO;
				HEADER_SEARCH_PATHS = ../libhb;
				INFOPLIST_FILE = Info.plist;
				LIBRARY_SEARCH_PATHS = (
					"$(inherited)",
					"$(LIBRARY_SEARCH_PATHS_QUOTED_1)",
				);
				LIBRARY_SEARCH_PATHS_QUOTED_1 = "\"$(SRCROOT)/api\"";
				OTHER_CFLAGS = "";
				OTHER_LDFLAGS = (
					../libhb/libhb.a,
					../contrib/lib/liba52.a,
					../contrib/lib/libavcodec.a,
					../contrib/lib/libavutil.a,
					../contrib/lib/libdvdread.a,
					../contrib/lib/libdvdcss.a,
					../contrib/lib/libfaac.a,
					../contrib/lib/libmp3lame.a,
					../contrib/lib/libmp4v2.a,
					../contrib/lib/libmpeg2.a,
					../contrib/lib/libvorbis.a,
					../contrib/lib/libvorbisenc.a,
					../contrib/lib/libogg.a,
					../contrib/lib/libsamplerate.a,
					../contrib/lib/libx264.a,
					../contrib/lib/libxvidcore.a,
				);
				PRODUCT_NAME = DVD2Pod;
				SECTORDER_FLAGS = "";
				WARNING_CFLAGS = (
					"-Wmost",
					"-Wno-four-char-constants",
					"-Wno-unknown-pragmas",
				);
				WRAPPER_EXTENSION = app;
				ZERO_LINK = NO;
			};
			name = Development;
		};
		4D4E7BC2087804870051572B /* Deployment */ = {
			isa = XCBuildConfiguration;
			buildSettings = {
				ARCHS = (
					ppc,
					i386,
				);
				COPY_PHASE_STRIP = YES;
				FRAMEWORK_SEARCH_PATHS = "";
				GCC_ENABLE_FIX_AND_CONTINUE = NO;
				GCC_OPTIMIZATION_LEVEL = 3;
				GCC_TREAT_WARNINGS_AS_ERRORS = NO;
				HEADER_SEARCH_PATHS = "";
				INFOPLIST_FILE = Info.plist;
				LIBRARY_SEARCH_PATHS = (
					"$(inherited)",
					"$(LIBRARY_SEARCH_PATHS_QUOTED_1)",
				);
				LIBRARY_SEARCH_PATHS_QUOTED_1 = "\"$(SRCROOT)/api\"";
				OTHER_CFLAGS = "";
				OTHER_LDFLAGS = "";
				PRODUCT_NAME = DVD2Pod;
				SECTORDER_FLAGS = "";
				WARNING_CFLAGS = (
					"-Wmost",
					"-Wno-four-char-constants",
					"-Wno-unknown-pragmas",
				);
				WRAPPER_EXTENSION = app;
				ZERO_LINK = NO;
			};
			name = Deployment;
		};
		4D4E7BC3087804870051572B /* Default */ = {
			isa = XCBuildConfiguration;
			buildSettings = {
				FRAMEWORK_SEARCH_PATHS = "";
				GCC_OPTIMIZATION_LEVEL = 3;
				GCC_TREAT_WARNINGS_AS_ERRORS = NO;
				HEADER_SEARCH_PATHS = ../libhb;
				INFOPLIST_FILE = Info.plist;
				LIBRARY_SEARCH_PATHS = (
					"$(inherited)",
					"$(LIBRARY_SEARCH_PATHS_QUOTED_1)",
				);
				LIBRARY_SEARCH_PATHS_QUOTED_1 = "\"$(SRCROOT)/api\"";
				OTHER_CFLAGS = "";
				OTHER_LDFLAGS = (
					../libhb/libhb.a,
					../contrib/lib/liba52.a,
					../contrib/lib/libavcodec.a,
					../contrib/lib/libavutil.a,
					../contrib/lib/libdvdread.a,
					../contrib/lib/libdvdcss.a,
					../contrib/lib/libfaac.a,
					../contrib/lib/libmp3lame.a,
					../contrib/lib/libmp4v2.a,
					../contrib/lib/libmpeg2.a,
					../contrib/lib/libvorbis.a,
					../contrib/lib/libvorbisenc.a,
					../contrib/lib/libogg.a,
					../contrib/lib/libsamplerate.a,
					../contrib/lib/libx264.a,
					../contrib/lib/libxvidcore.a,
				);
				PRODUCT_NAME = HandBrake;
				SECTORDER_FLAGS = "";
				WARNING_CFLAGS = (
					"-Wmost",
					"-Wno-four-char-constants",
					"-Wno-unknown-pragmas",
				);
				WRAPPER_EXTENSION = app;
			};
			name = Default;
		};
		4D4E7BC5087804870051572B /* Development */ = {
			isa = XCBuildConfiguration;
			buildSettings = {
			};
			name = Development;
		};
		4D4E7BC6087804870051572B /* Deployment */ = {
			isa = XCBuildConfiguration;
			buildSettings = {
			};
			name = Deployment;
		};
		4D4E7BC7087804870051572B /* Default */ = {
			isa = XCBuildConfiguration;
			buildSettings = {
			};
			name = Default;
		};
/* End XCBuildConfiguration section */

/* Begin XCConfigurationList section */
		4D4E7BC0087804870051572B /* Build configuration list for PBXNativeTarget "DVD2Pod" */ = {
			isa = XCConfigurationList;
			buildConfigurations = (
				4D4E7BC1087804870051572B /* Development */,
				4D4E7BC2087804870051572B /* Deployment */,
				4D4E7BC3087804870051572B /* Default */,
			);
			defaultConfigurationIsVisible = 0;
			defaultConfigurationName = Default;
		};
		4D4E7BC4087804870051572B /* Build configuration list for PBXProject "DVD2Pod" */ = {
			isa = XCConfigurationList;
			buildConfigurations = (
				4D4E7BC5087804870051572B /* Development */,
				4D4E7BC6087804870051572B /* Deployment */,
				4D4E7BC7087804870051572B /* Default */,
			);
			defaultConfigurationIsVisible = 0;
			defaultConfigurationName = Default;
		};
/* End XCConfigurationList section */
	};
	rootObject = 29B97313FDCFA39411CA2CEA /* Project object */;
}
